
Microsoft Visual Studio Solution File, Format Version 12.00
# Visual Studio 15
VisualStudioVersion = 15.0.26730.15
MinimumVisualStudioVersion = 10.0.40219.1
Project("{FAE04EC0-301F-11D3-BF4B-00C04F79EFBC}") = "AgileFileManagerv1", "AgileFileManagerv1\AgileFileManagerv1.csproj", "{3625F25D-BC3C-4F7E-B94C-5A3E6C6369DD}"
EndProject
Global
	GlobalSection(SolutionConfigurationPlatforms) = preSolution
		Debug|Any CPU = Debug|Any CPU
		Release|Any CPU = Release|Any CPU
	EndGlobalSection
	GlobalSection(ProjectConfigurationPlatforms) = postSolution
		{3625F25D-BC3C-4F7E-B94C-5A3E6C6369DD}.Debug|Any CPU.ActiveCfg = Debug|Any CPU
		{3625F25D-BC3C-4F7E-B94C-5A3E6C6369DD}.Debug|Any CPU.Build.0 = Debug|Any CPU
		{3625F25D-BC3C-4F7E-B94C-5A3E6C6369DD}.Release|Any CPU.ActiveCfg = Release|Any CPU
		{3625F25D-BC3C-4F7E-B94C-5A3E6C6369DD}.Release|Any CPU.Build.0 = Release|Any CPU
	EndGlobalSection
	GlobalSection(SolutionProperties) = preSolution
		HideSolutionNode = FALSE
	EndGlobalSection
	GlobalSection(ExtensibilityGlobals) = postSolution
		SolutionGuid = {3C53E0A9-5810-4FA1-93A3-D2122423EDEE}
	EndGlobalSection
EndGlobal
